
Microsoft Visual Studio Solution File, Format Version 12.00
# Visual Studio Version 16
VisualStudioVersion = 16.0.31321.278
MinimumVisualStudioVersion = 10.0.40219.1
Project("{FAE04EC0-301F-11D3-BF4B-00C04F79EFBC}") = "Casting_Thompson_Lillian", "Casting_Thompson_Lillian\Casting_Thompson_Lillian.csproj", "{B05945F6-9F8D-4B1F-A41A-CC73E9C670B4}"
EndProject
Global
	GlobalSection(SolutionConfigurationPlatforms) = preSolution
		Debug|Any CPU = Debug|Any CPU
		Release|Any CPU = Release|Any CPU
	EndGlobalSection
	GlobalSection(ProjectConfigurationPlatforms) = postSolution
		{B05945F6-9F8D-4B1F-A41A-CC73E9C670B4}.Debug|Any CPU.ActiveCfg = Debug|Any CPU
		{B05945F6-9F8D-4B1F-A41A-CC73E9C670B4}.Debug|Any CPU.Build.0 = Debug|Any CPU
		{B05945F6-9F8D-4B1F-A41A-CC73E9C670B4}.Release|Any CPU.ActiveCfg = Release|Any CPU
		{B05945F6-9F8D-4B1F-A41A-CC73E9C670B4}.Release|Any CPU.Build.0 = Release|Any CPU
	EndGlobalSection
	GlobalSection(SolutionProperties) = preSolution
		HideSolutionNode = FALSE
	EndGlobalSection
	GlobalSection(ExtensibilityGlobals) = postSolution
		SolutionGuid = {24D66DC0-23D0-42F9-AC19-85A03D64DF64}
	EndGlobalSection
EndGlobal
